
Microsoft Visual Studio Solution File, Format Version 12.00
# Visual Studio 15
VisualStudioVersion = 15.0.28010.2019
MinimumVisualStudioVersion = 10.0.40219.1
Project("{FAE04EC0-301F-11D3-BF4B-00C04F79EFBC}") = "FizzBUzz", "FizzBUzz\FizzBUzz.csproj", "{43154BEE-5DD0-4CA5-8374-DCD0348067FB}"
EndProject
Global
	GlobalSection(SolutionConfigurationPlatforms) = preSolution
		Debug|Any CPU = Debug|Any CPU
		Release|Any CPU = Release|Any CPU
	EndGlobalSection
	GlobalSection(ProjectConfigurationPlatforms) = postSolution
		{43154BEE-5DD0-4CA5-8374-DCD0348067FB}.Debug|Any CPU.ActiveCfg = Debug|Any CPU
		{43154BEE-5DD0-4CA5-8374-DCD0348067FB}.Debug|Any CPU.Build.0 = Debug|Any CPU
		{43154BEE-5DD0-4CA5-8374-DCD0348067FB}.Release|Any CPU.ActiveCfg = Release|Any CPU
		{43154BEE-5DD0-4CA5-8374-DCD0348067FB}.Release|Any CPU.Build.0 = Release|Any CPU
	EndGlobalSection
	GlobalSection(SolutionProperties) = preSolution
		HideSolutionNode = FALSE
	EndGlobalSection
	GlobalSection(ExtensibilityGlobals) = postSolution
		SolutionGuid = {191BAAD2-A45F-4450-9772-5F18100CDB09}
	EndGlobalSection
EndGlobal
